// !$*UTF8*$!
{
	archiveVersion = 1;
	classes = {
	};
	objectVersion = 56;
	objects = {

/* Begin PBXBuildFile section */
		9F294BB72BA980D000887F46 /* DetailView.swift in Sources */ = {isa = PBXBuildFile; fileRef = 9F294BB62BA980D000887F46 /* DetailView.swift */; };
		9F294BB92BA980E200887F46 /* DetailPresenter.swift in Sources */ = {isa = PBXBuildFile; fileRef = 9F294BB82BA980E200887F46 /* DetailPresenter.swift */; };
		9F294BBB2BA980F000887F46 /* DetailInteractor.swift in Sources */ = {isa = PBXBuildFile; fileRef = 9F294BBA2BA980F000887F46 /* DetailInteractor.swift */; };
		9F294BBD2BA980FB00887F46 /* DetailRouter.swift in Sources */ = {isa = PBXBuildFile; fileRef = 9F294BBC2BA980FB00887F46 /* DetailRouter.swift */; };
		9F294BC02BA9843A00887F46 /* DetailMovieEntity.swift in Sources */ = {isa = PBXBuildFile; fileRef = 9F294BBF2BA9843A00887F46 /* DetailMovieEntity.swift */; };
		9F294BC42BA9871A00887F46 /* DetailMovieViewModel.swift in Sources */ = {isa = PBXBuildFile; fileRef = 9F294BC32BA9871A00887F46 /* DetailMovieViewModel.swift */; };
		9F294BC62BA9876A00887F46 /* MapperDetailViewModel.swift in Sources */ = {isa = PBXBuildFile; fileRef = 9F294BC52BA9876A00887F46 /* MapperDetailViewModel.swift */; };
		9F3438DD2BA8900D0075FA26 /* AppDelegate.swift in Sources */ = {isa = PBXBuildFile; fileRef = 9F3438DC2BA8900D0075FA26 /* AppDelegate.swift */; };
		9F3438DF2BA8900D0075FA26 /* SceneDelegate.swift in Sources */ = {isa = PBXBuildFile; fileRef = 9F3438DE2BA8900D0075FA26 /* SceneDelegate.swift */; };
		9F3438E62BA890100075FA26 /* Assets.xcassets in Resources */ = {isa = PBXBuildFile; fileRef = 9F3438E52BA890100075FA26 /* Assets.xcassets */; };
		9F3438E92BA890100075FA26 /* LaunchScreen.storyboard in Resources */ = {isa = PBXBuildFile; fileRef = 9F3438E72BA890100075FA26 /* LaunchScreen.storyboard */; };
		9F3438F22BA890690075FA26 /* ListOfMoviesView.swift in Sources */ = {isa = PBXBuildFile; fileRef = 9F3438F12BA890690075FA26 /* ListOfMoviesView.swift */; };
		9F3438F42BA890720075FA26 /* ListOfMoviesPresenter.swift in Sources */ = {isa = PBXBuildFile; fileRef = 9F3438F32BA890720075FA26 /* ListOfMoviesPresenter.swift */; };
		9F3438F62BA8907C0075FA26 /* ListOfMoviesInteractor.swift in Sources */ = {isa = PBXBuildFile; fileRef = 9F3438F52BA8907C0075FA26 /* ListOfMoviesInteractor.swift */; };
		9F3438F82BA890860075FA26 /* ListOfMoviesRouter.swift in Sources */ = {isa = PBXBuildFile; fileRef = 9F3438F72BA890860075FA26 /* ListOfMoviesRouter.swift */; };
		9F3438FB2BA8952B0075FA26 /* PopularMovieEntity.swift in Sources */ = {isa = PBXBuildFile; fileRef = 9F3438FA2BA8952B0075FA26 /* PopularMovieEntity.swift */; };
		9F3438FD2BA8968C0075FA26 /* PopularMovieResponseEntity.swift in Sources */ = {isa = PBXBuildFile; fileRef = 9F3438FC2BA8968C0075FA26 /* PopularMovieResponseEntity.swift */; };
		9F3438FF2BA8A83B0075FA26 /* MovieCellView.swift in Sources */ = {isa = PBXBuildFile; fileRef = 9F3438FE2BA8A83B0075FA26 /* MovieCellView.swift */; };
		9F3439022BA8ABF30075FA26 /* Kingfisher in Frameworks */ = {isa = PBXBuildFile; productRef = 9F3439012BA8ABF30075FA26 /* Kingfisher */; };
		9F3439052BA8BD9F0075FA26 /* ViewModel.swift in Sources */ = {isa = PBXBuildFile; fileRef = 9F3439042BA8BD9F0075FA26 /* ViewModel.swift */; };
		9F3439072BA8C0060075FA26 /* Mapper.swift in Sources */ = {isa = PBXBuildFile; fileRef = 9F3439062BA8C0050075FA26 /* Mapper.swift */; };
/* End PBXBuildFile section */

/* Begin PBXFileReference section */
		9F294BB62BA980D000887F46 /* DetailView.swift */ = {isa = PBXFileReference; lastKnownFileType = sourcecode.swift; path = DetailView.swift; sourceTree = "<group>"; };
		9F294BB82BA980E200887F46 /* DetailPresenter.swift */ = {isa = PBXFileReference; lastKnownFileType = sourcecode.swift; path = DetailPresenter.swift; sourceTree = "<group>"; };
		9F294BBA2BA980F000887F46 /* DetailInteractor.swift */ = {isa = PBXFileReference; lastKnownFileType = sourcecode.swift; path = DetailInteractor.swift; sourceTree = "<group>"; };
		9F294BBC2BA980FB00887F46 /* DetailRouter.swift */ = {isa = PBXFileReference; lastKnownFileType = sourcecode.swift; path = DetailRouter.swift; sourceTree = "<group>"; };
		9F294BBF2BA9843A00887F46 /* DetailMovieEntity.swift */ = {isa = PBXFileReference; lastKnownFileType = sourcecode.swift; path = DetailMovieEntity.swift; sourceTree = "<group>"; };
		9F294BC32BA9871A00887F46 /* DetailMovieViewModel.swift */ = {isa = PBXFileReference; lastKnownFileType = sourcecode.swift; path = DetailMovieViewModel.swift; sourceTree = "<group>"; };
		9F294BC52BA9876A00887F46 /* MapperDetailViewModel.swift */ = {isa = PBXFileReference; lastKnownFileType = sourcecode.swift; path = MapperDetailViewModel.swift; sourceTree = "<group>"; };
		9F3438D92BA8900D0075FA26 /* Architecture_VIPER.app */ = {isa = PBXFileReference; explicitFileType = wrapper.application; includeInIndex = 0; path = Architecture_VIPER.app; sourceTree = BUILT_PRODUCTS_DIR; };
		9F3438DC2BA8900D0075FA26 /* AppDelegate.swift */ = {isa = PBXFileReference; lastKnownFileType = sourcecode.swift; path = AppDelegate.swift; sourceTree = "<group>"; };
		9F3438DE2BA8900D0075FA26 /* SceneDelegate.swift */ = {isa = PBXFileReference; lastKnownFileType = sourcecode.swift; path = SceneDelegate.swift; sourceTree = "<group>"; };
		9F3438E52BA890100075FA26 /* Assets.xcassets */ = {isa = PBXFileReference; lastKnownFileType = folder.assetcatalog; path = Assets.xcassets; sourceTree = "<group>"; };
		9F3438E82BA890100075FA26 /* Base */ = {isa = PBXFileReference; lastKnownFileType = file.storyboard; name = Base; path = Base.lproj/LaunchScreen.storyboard; sourceTree = "<group>"; };
		9F3438EA2BA890100075FA26 /* Info.plist */ = {isa = PBXFileReference; lastKnownFileType = text.plist.xml; path = Info.plist; sourceTree = "<group>"; };
		9F3438F12BA890690075FA26 /* ListOfMoviesView.swift */ = {isa = PBXFileReference; lastKnownFileType = sourcecode.swift; path = ListOfMoviesView.swift; sourceTree = "<group>"; };
		9F3438F32BA890720075FA26 /* ListOfMoviesPresenter.swift */ = {isa = PBXFileReference; lastKnownFileType = sourcecode.swift; path = ListOfMoviesPresenter.swift; sourceTree = "<group>"; };
		9F3438F52BA8907C0075FA26 /* ListOfMoviesInteractor.swift */ = {isa = PBXFileReference; lastKnownFileType = sourcecode.swift; path = ListOfMoviesInteractor.swift; sourceTree = "<group>"; };
		9F3438F72BA890860075FA26 /* ListOfMoviesRouter.swift */ = {isa = PBXFileReference; lastKnownFileType = sourcecode.swift; path = ListOfMoviesRouter.swift; sourceTree = "<group>"; };
		9F3438FA2BA8952B0075FA26 /* PopularMovieEntity.swift */ = {isa = PBXFileReference; lastKnownFileType = sourcecode.swift; path = PopularMovieEntity.swift; sourceTree = "<group>"; };
		9F3438FC2BA8968C0075FA26 /* PopularMovieResponseEntity.swift */ = {isa = PBXFileReference; lastKnownFileType = sourcecode.swift; path = PopularMovieResponseEntity.swift; sourceTree = "<group>"; };
		9F3438FE2BA8A83B0075FA26 /* MovieCellView.swift */ = {isa = PBXFileReference; lastKnownFileType = sourcecode.swift; path = MovieCellView.swift; sourceTree = "<group>"; };
		9F3439042BA8BD9F0075FA26 /* ViewModel.swift */ = {isa = PBXFileReference; lastKnownFileType = sourcecode.swift; path = ViewModel.swift; sourceTree = "<group>"; };
		9F3439062BA8C0050075FA26 /* Mapper.swift */ = {isa = PBXFileReference; lastKnownFileType = sourcecode.swift; path = Mapper.swift; sourceTree = "<group>"; };
/* End PBXFileReference section */

/* Begin PBXFrameworksBuildPhase section */
		9F3438D62BA8900D0075FA26 /* Frameworks */ = {
			isa = PBXFrameworksBuildPhase;
			buildActionMask = 2147483647;
			files = (
				9F3439022BA8ABF30075FA26 /* Kingfisher in Frameworks */,
			);
			runOnlyForDeploymentPostprocessing = 0;
		};
/* End PBXFrameworksBuildPhase section */

/* Begin PBXGroup section */
		9F294BB52BA980BA00887F46 /* DetailMovie */ = {
			isa = PBXGroup;
			children = (
				9F294BC22BA9870200887F46 /* ViewModel */,
				9F294BBE2BA980FF00887F46 /* Entities */,
				9F294BB62BA980D000887F46 /* DetailView.swift */,
				9F294BB82BA980E200887F46 /* DetailPresenter.swift */,
				9F294BBA2BA980F000887F46 /* DetailInteractor.swift */,
				9F294BBC2BA980FB00887F46 /* DetailRouter.swift */,
			);
			path = DetailMovie;
			sourceTree = "<group>";
		};
		9F294BBE2BA980FF00887F46 /* Entities */ = {
			isa = PBXGroup;
			children = (
				9F294BBF2BA9843A00887F46 /* DetailMovieEntity.swift */,
			);
			path = Entities;
			sourceTree = "<group>";
		};
		9F294BC22BA9870200887F46 /* ViewModel */ = {
			isa = PBXGroup;
			children = (
				9F294BC32BA9871A00887F46 /* DetailMovieViewModel.swift */,
				9F294BC52BA9876A00887F46 /* MapperDetailViewModel.swift */,
			);
			path = ViewModel;
			sourceTree = "<group>";
		};
		9F294BC72BA9928A00887F46 /* App */ = {
			isa = PBXGroup;
			children = (
				9F3438DC2BA8900D0075FA26 /* AppDelegate.swift */,
				9F3438DE2BA8900D0075FA26 /* SceneDelegate.swift */,
			);
			path = App;
			sourceTree = "<group>";
		};
		9F294BC82BA9929600887F46 /* Resource */ = {
			isa = PBXGroup;
			children = (
				9F3438E52BA890100075FA26 /* Assets.xcassets */,
				9F3438E72BA890100075FA26 /* LaunchScreen.storyboard */,
			);
			path = Resource;
			sourceTree = "<group>";
		};
		9F294BC92BA992AA00887F46 /* Source */ = {
			isa = PBXGroup;
			children = (
				9F294BB52BA980BA00887F46 /* DetailMovie */,
				9F3438F02BA8901B0075FA26 /* ListOfMovies */,
			);
			path = Source;
			sourceTree = "<group>";
		};
		9F3438D02BA8900D0075FA26 = {
			isa = PBXGroup;
			children = (
				9F3438DB2BA8900D0075FA26 /* Architecture_VIPER */,
				9F3438DA2BA8900D0075FA26 /* Products */,
			);
			sourceTree = "<group>";
		};
		9F3438DA2BA8900D0075FA26 /* Products */ = {
			isa = PBXGroup;
			children = (
				9F3438D92BA8900D0075FA26 /* Architecture_VIPER.app */,
			);
			name = Products;
			sourceTree = "<group>";
		};
		9F3438DB2BA8900D0075FA26 /* Architecture_VIPER */ = {
			isa = PBXGroup;
			children = (
				9F294BC72BA9928A00887F46 /* App */,
				9F294BC82BA9929600887F46 /* Resource */,
				9F294BC92BA992AA00887F46 /* Source */,
				9F3438EA2BA890100075FA26 /* Info.plist */,
			);
			path = Architecture_VIPER;
			sourceTree = "<group>";
		};
		9F3438F02BA8901B0075FA26 /* ListOfMovies */ = {
			isa = PBXGroup;
			children = (
				9F3439032BA8BD8E0075FA26 /* ViewModel */,
				9F3438F92BA8908A0075FA26 /* Entities */,
				9F3438F12BA890690075FA26 /* ListOfMoviesView.swift */,
				9F3438FE2BA8A83B0075FA26 /* MovieCellView.swift */,
				9F3438F32BA890720075FA26 /* ListOfMoviesPresenter.swift */,
				9F3438F52BA8907C0075FA26 /* ListOfMoviesInteractor.swift */,
				9F3438F72BA890860075FA26 /* ListOfMoviesRouter.swift */,
			);
			path = ListOfMovies;
			sourceTree = "<group>";
		};
		9F3438F92BA8908A0075FA26 /* Entities */ = {
			isa = PBXGroup;
			children = (
				9F3438FA2BA8952B0075FA26 /* PopularMovieEntity.swift */,
				9F3438FC2BA8968C0075FA26 /* PopularMovieResponseEntity.swift */,
			);
			path = Entities;
			sourceTree = "<group>";
		};
		9F3439032BA8BD8E0075FA26 /* ViewModel */ = {
			isa = PBXGroup;
			children = (
				9F3439042BA8BD9F0075FA26 /* ViewModel.swift */,
				9F3439062BA8C0050075FA26 /* Mapper.swift */,
			);
			path = ViewModel;
			sourceTree = "<group>";
		};
/* End PBXGroup section */

/* Begin PBXNativeTarget section */
		9F3438D82BA8900D0075FA26 /* Architecture_VIPER */ = {
			isa = PBXNativeTarget;
			buildConfigurationList = 9F3438ED2BA890100075FA26 /* Build configuration list for PBXNativeTarget "Architecture_VIPER" */;
			buildPhases = (
				9F3438D52BA8900D0075FA26 /* Sources */,
				9F3438D62BA8900D0075FA26 /* Frameworks */,
				9F3438D72BA8900D0075FA26 /* Resources */,
			);
			buildRules = (
			);
			dependencies = (
			);
			name = Architecture_VIPER;
			packageProductDependencies = (
				9F3439012BA8ABF30075FA26 /* Kingfisher */,
			);
			productName = Architecture_VIPER;
			productReference = 9F3438D92BA8900D0075FA26 /* Architecture_VIPER.app */;
			productType = "com.apple.product-type.application";
		};
/* End PBXNativeTarget section */

/* Begin PBXProject section */
		9F3438D12BA8900D0075FA26 /* Project object */ = {
			isa = PBXProject;
			attributes = {
				BuildIndependentTargetsInParallel = 1;
				LastSwiftUpdateCheck = 1500;
				LastUpgradeCheck = 1500;
				TargetAttributes = {
					9F3438D82BA8900D0075FA26 = {
						CreatedOnToolsVersion = 15.0.1;
					};
				};
			};
			buildConfigurationList = 9F3438D42BA8900D0075FA26 /* Build configuration list for PBXProject "Architecture_VIPER" */;
			compatibilityVersion = "Xcode 14.0";
			developmentRegion = en;
			hasScannedForEncodings = 0;
			knownRegions = (
				en,
				Base,
			);
			mainGroup = 9F3438D02BA8900D0075FA26;
			packageReferences = (
				9F3439002BA8ABF30075FA26 /* XCRemoteSwiftPackageReference "Kingfisher" */,
			);
			productRefGroup = 9F3438DA2BA8900D0075FA26 /* Products */;
			projectDirPath = "";
			projectRoot = "";
			targets = (
				9F3438D82BA8900D0075FA26 /* Architecture_VIPER */,
			);
		};
/* End PBXProject section */

/* Begin PBXResourcesBuildPhase section */
		9F3438D72BA8900D0075FA26 /* Resources */ = {
			isa = PBXResourcesBuildPhase;
			buildActionMask = 2147483647;
			files = (
				9F3438E92BA890100075FA26 /* LaunchScreen.storyboard in Resources */,
				9F3438E62BA890100075FA26 /* Assets.xcassets in Resources */,
			);
			runOnlyForDeploymentPostprocessing = 0;
		};
/* End PBXResourcesBuildPhase section */

/* Begin PBXSourcesBuildPhase section */
		9F3438D52BA8900D0075FA26 /* Sources */ = {
			isa = PBXSourcesBuildPhase;
			buildActionMask = 2147483647;
			files = (
				9F3438F22BA890690075FA26 /* ListOfMoviesView.swift in Sources */,
				9F294BBD2BA980FB00887F46 /* DetailRouter.swift in Sources */,
				9F3438F62BA8907C0075FA26 /* ListOfMoviesInteractor.swift in Sources */,
				9F294BC42BA9871A00887F46 /* DetailMovieViewModel.swift in Sources */,
				9F3439052BA8BD9F0075FA26 /* ViewModel.swift in Sources */,
				9F3439072BA8C0060075FA26 /* Mapper.swift in Sources */,
				9F294BC02BA9843A00887F46 /* DetailMovieEntity.swift in Sources */,
				9F294BB92BA980E200887F46 /* DetailPresenter.swift in Sources */,
				9F294BC62BA9876A00887F46 /* MapperDetailViewModel.swift in Sources */,
				9F294BBB2BA980F000887F46 /* DetailInteractor.swift in Sources */,
				9F3438FF2BA8A83B0075FA26 /* MovieCellView.swift in Sources */,
				9F3438FB2BA8952B0075FA26 /* PopularMovieEntity.swift in Sources */,
				9F294BB72BA980D000887F46 /* DetailView.swift in Sources */,
				9F3438F42BA890720075FA26 /* ListOfMoviesPresenter.swift in Sources */,
				9F3438F82BA890860075FA26 /* ListOfMoviesRouter.swift in Sources */,
				9F3438DD2BA8900D0075FA26 /* AppDelegate.swift in Sources */,
				9F3438FD2BA8968C0075FA26 /* PopularMovieResponseEntity.swift in Sources */,
				9F3438DF2BA8900D0075FA26 /* SceneDelegate.swift in Sources */,
			);
			runOnlyForDeploymentPostprocessing = 0;
		};
/* End PBXSourcesBuildPhase section */

/* Begin PBXVariantGroup section */
		9F3438E72BA890100075FA26 /* LaunchScreen.storyboard */ = {
			isa = PBXVariantGroup;
			children = (
				9F3438E82BA890100075FA26 /* Base */,
			);
			name = LaunchScreen.storyboard;
			sourceTree = "<group>";
		};
/* End PBXVariantGroup section */

/* Begin XCBuildConfiguration section */
		9F3438EB2BA890100075FA26 /* Debug */ = {
			isa = XCBuildConfiguration;
			buildSettings = {
				ALWAYS_SEARCH_USER_PATHS = NO;
				ASSETCATALOG_COMPILER_GENERATE_SWIFT_ASSET_SYMBOL_EXTENSIONS = YES;
				CLANG_ANALYZER_NONNULL = YES;
				CLANG_ANALYZER_NUMBER_OBJECT_CONVERSION = YES_AGGRESSIVE;
				CLANG_CXX_LANGUAGE_STANDARD = "gnu++20";
				CLANG_ENABLE_MODULES = YES;
				CLANG_ENABLE_OBJC_ARC = YES;
				CLANG_ENABLE_OBJC_WEAK = YES;
				CLANG_WARN_BLOCK_CAPTURE_AUTORELEASING = YES;
				CLANG_WARN_BOOL_CONVERSION = YES;
				CLANG_WARN_COMMA = YES;
				CLANG_WARN_CONSTANT_CONVERSION = YES;
				CLANG_WARN_DEPRECATED_OBJC_IMPLEMENTATIONS = YES;
				CLANG_WARN_DIRECT_OBJC_ISA_USAGE = YES_ERROR;
				CLANG_WARN_DOCUMENTATION_COMMENTS = YES;
				CLANG_WARN_EMPTY_BODY = YES;
				CLANG_WARN_ENUM_CONVERSION = YES;
				CLANG_WARN_INFINITE_RECURSION = YES;
				CLANG_WARN_INT_CONVERSION = YES;
				CLANG_WARN_NON_LITERAL_NULL_CONVERSION = YES;
				CLANG_WARN_OBJC_IMPLICIT_RETAIN_SELF = YES;
				CLANG_WARN_OBJC_LITERAL_CONVERSION = YES;
				CLANG_WARN_OBJC_ROOT_CLASS = YES_ERROR;
				CLANG_WARN_QUOTED_INCLUDE_IN_FRAMEWORK_HEADER = YES;
				CLANG_WARN_RANGE_LOOP_ANALYSIS = YES;
				CLANG_WARN_STRICT_PROTOTYPES = YES;
				CLANG_WARN_SUSPICIOUS_MOVE = YES;
				CLANG_WARN_UNGUARDED_AVAILABILITY = YES_AGGRESSIVE;
				CLANG_WARN_UNREACHABLE_CODE = YES;
				CLANG_WARN__DUPLICATE_METHOD_MATCH = YES;
				COPY_PHASE_STRIP = NO;
				DEBUG_INFORMATION_FORMAT = dwarf;
				ENABLE_STRICT_OBJC_MSGSEND = YES;
				ENABLE_TESTABILITY = YES;
				ENABLE_USER_SCRIPT_SANDBOXING = YES;
				GCC_C_LANGUAGE_STANDARD = gnu17;
				GCC_DYNAMIC_NO_PIC = NO;
				GCC_NO_COMMON_BLOCKS = YES;
				GCC_OPTIMIZATION_LEVEL = 0;
				GCC_PREPROCESSOR_DEFINITIONS = (
					"DEBUG=1",
					"$(inherited)",
				);
				GCC_WARN_64_TO_32_BIT_CONVERSION = YES;
				GCC_WARN_ABOUT_RETURN_TYPE = YES_ERROR;
				GCC_WARN_UNDECLARED_SELECTOR = YES;
				GCC_WARN_UNINITIALIZED_AUTOS = YES_AGGRESSIVE;
				GCC_WARN_UNUSED_FUNCTION = YES;
				GCC_WARN_UNUSED_VARIABLE = YES;
				IPHONEOS_DEPLOYMENT_TARGET = 17.0;
				LOCALIZATION_PREFERS_STRING_CATALOGS = YES;
				MTL_ENABLE_DEBUG_INFO = INCLUDE_SOURCE;
				MTL_FAST_MATH = YES;
				ONLY_ACTIVE_ARCH = YES;
				SDKROOT = iphoneos;
				SWIFT_ACTIVE_COMPILATION_CONDITIONS = "DEBUG $(inherited)";
				SWIFT_OPTIMIZATION_LEVEL = "-Onone";
			};
			name = Debug;
		};
		9F3438EC2BA890100075FA26 /* Release */ = {
			isa = XCBuildConfiguration;
			buildSettings = {
				ALWAYS_SEARCH_USER_PATHS = NO;
				ASSETCATALOG_COMPILER_GENERATE_SWIFT_ASSET_SYMBOL_EXTENSIONS = YES;
				CLANG_ANALYZER_NONNULL = YES;
				CLANG_ANALYZER_NUMBER_OBJECT_CONVERSION = YES_AGGRESSIVE;
				CLANG_CXX_LANGUAGE_STANDARD = "gnu++20";
				CLANG_ENABLE_MODULES = YES;
				CLANG_ENABLE_OBJC_ARC = YES;
				CLANG_ENABLE_OBJC_WEAK = YES;
				CLANG_WARN_BLOCK_CAPTURE_AUTORELEASING = YES;
				CLANG_WARN_BOOL_CONVERSION = YES;
				CLANG_WARN_COMMA = YES;
				CLANG_WARN_CONSTANT_CONVERSION = YES;
				CLANG_WARN_DEPRECATED_OBJC_IMPLEMENTATIONS = YES;
				CLANG_WARN_DIRECT_OBJC_ISA_USAGE = YES_ERROR;
				CLANG_WARN_DOCUMENTATION_COMMENTS = YES;
				CLANG_WARN_EMPTY_BODY = YES;
				CLANG_WARN_ENUM_CONVERSION = YES;
				CLANG_WARN_INFINITE_RECURSION = YES;
				CLANG_WARN_INT_CONVERSION = YES;
				CLANG_WARN_NON_LITERAL_NULL_CONVERSION = YES;
				CLANG_WARN_OBJC_IMPLICIT_RETAIN_SELF = YES;
				CLANG_WARN_OBJC_LITERAL_CONVERSION = YES;
				CLANG_WARN_OBJC_ROOT_CLASS = YES_ERROR;
				CLANG_WARN_QUOTED_INCLUDE_IN_FRAMEWORK_HEADER = YES;
				CLANG_WARN_RANGE_LOOP_ANALYSIS = YES;
				CLANG_WARN_STRICT_PROTOTYPES = YES;
				CLANG_WARN_SUSPICIOUS_MOVE = YES;
				CLANG_WARN_UNGUARDED_AVAILABILITY = YES_AGGRESSIVE;
				CLANG_WARN_UNREACHABLE_CODE = YES;
				CLANG_WARN__DUPLICATE_METHOD_MATCH = YES;
				COPY_PHASE_STRIP = NO;
				DEBUG_INFORMATION_FORMAT = "dwarf-with-dsym";
				ENABLE_NS_ASSERTIONS = NO;
				ENABLE_STRICT_OBJC_MSGSEND = YES;
				ENABLE_USER_SCRIPT_SANDBOXING = YES;
				GCC_C_LANGUAGE_STANDARD = gnu17;
				GCC_NO_COMMON_BLOCKS = YES;
				GCC_WARN_64_TO_32_BIT_CONVERSION = YES;
				GCC_WARN_ABOUT_RETURN_TYPE = YES_ERROR;
				GCC_WARN_UNDECLARED_SELECTOR = YES;
				GCC_WARN_UNINITIALIZED_AUTOS = YES_AGGRESSIVE;
				GCC_WARN_UNUSED_FUNCTION = YES;
				GCC_WARN_UNUSED_VARIABLE = YES;
				IPHONEOS_DEPLOYMENT_TARGET = 17.0;
				LOCALIZATION_PREFERS_STRING_CATALOGS = YES;
				MTL_ENABLE_DEBUG_INFO = NO;
				MTL_FAST_MATH = YES;
				SDKROOT = iphoneos;
				SWIFT_COMPILATION_MODE = wholemodule;
				VALIDATE_PRODUCT = YES;
			};
			name = Release;
		};
		9F3438EE2BA890100075FA26 /* Debug */ = {
			isa = XCBuildConfiguration;
			buildSettings = {
				ASSETCATALOG_COMPILER_APPICON_NAME = AppIcon;
				ASSETCATALOG_COMPILER_GLOBAL_ACCENT_COLOR_NAME = AccentColor;
				CODE_SIGN_STYLE = Automatic;
				CURRENT_PROJECT_VERSION = 1;
				DEVELOPMENT_TEAM = QKXUJ9425T;
				GENERATE_INFOPLIST_FILE = YES;
				INFOPLIST_FILE = Architecture_VIPER/Info.plist;
				INFOPLIST_KEY_UIApplicationSupportsIndirectInputEvents = YES;
				INFOPLIST_KEY_UILaunchStoryboardName = LaunchScreen;
				INFOPLIST_KEY_UISupportedInterfaceOrientations_iPad = "UIInterfaceOrientationPortrait UIInterfaceOrientationPortraitUpsideDown UIInterfaceOrientationLandscapeLeft UIInterfaceOrientationLandscapeRight";
				INFOPLIST_KEY_UISupportedInterfaceOrientations_iPhone = "UIInterfaceOrientationPortrait UIInterfaceOrientationLandscapeLeft UIInterfaceOrientationLandscapeRight";
				LD_RUNPATH_SEARCH_PATHS = (
					"$(inherited)",
					"@executable_path/Frameworks",
				);
				MARKETING_VERSION = 1.0;
				PRODUCT_BUNDLE_IDENTIFIER = "com.alerodca.Architecture-VIPER";
				PRODUCT_NAME = "$(TARGET_NAME)";
				SWIFT_EMIT_LOC_STRINGS = YES;
				SWIFT_VERSION = 5.0;
				TARGETED_DEVICE_FAMILY = "1,2";
			};
			name = Debug;
		};
		9F3438EF2BA890100075FA26 /* Release */ = {
			isa = XCBuildConfiguration;
			buildSettings = {
				ASSETCATALOG_COMPILER_APPICON_NAME = AppIcon;
				ASSETCATALOG_COMPILER_GLOBAL_ACCENT_COLOR_NAME = AccentColor;
				CODE_SIGN_STYLE = Automatic;
				CURRENT_PROJECT_VERSION = 1;
				DEVELOPMENT_TEAM = QKXUJ9425T;
				GENERATE_INFOPLIST_FILE = YES;
				INFOPLIST_FILE = Architecture_VIPER/Info.plist;
				INFOPLIST_KEY_UIApplicationSupportsIndirectInputEvents = YES;
				INFOPLIST_KEY_UILaunchStoryboardName = LaunchScreen;
				INFOPLIST_KEY_UISupportedInterfaceOrientations_iPad = "UIInterfaceOrientationPortrait UIInterfaceOrientationPortraitUpsideDown UIInterfaceOrientationLandscapeLeft UIInterfaceOrientationLandscapeRight";
				INFOPLIST_KEY_UISupportedInterfaceOrientations_iPhone = "UIInterfaceOrientationPortrait UIInterfaceOrientationLandscapeLeft UIInterfaceOrientationLandscapeRight";
				LD_RUNPATH_SEARCH_PATHS = (
					"$(inherited)",
					"@executable_path/Frameworks",
				);
				MARKETING_VERSION = 1.0;
				PRODUCT_BUNDLE_IDENTIFIER = "com.alerodca.Architecture-VIPER";
				PRODUCT_NAME = "$(TARGET_NAME)";
				SWIFT_EMIT_LOC_STRINGS = YES;
				SWIFT_VERSION = 5.0;
				TARGETED_DEVICE_FAMILY = "1,2";
			};
			name = Release;
		};
/* End XCBuildConfiguration section */

/* Begin XCConfigurationList section */
		9F3438D42BA8900D0075FA26 /* Build configuration list for PBXProject "Architecture_VIPER" */ = {
			isa = XCConfigurationList;
			buildConfigurations = (
				9F3438EB2BA890100075FA26 /* Debug */,
				9F3438EC2BA890100075FA26 /* Release */,
			);
			defaultConfigurationIsVisible = 0;
			defaultConfigurationName = Release;
		};
		9F3438ED2BA890100075FA26 /* Build configuration list for PBXNativeTarget "Architecture_VIPER" */ = {
			isa = XCConfigurationList;
			buildConfigurations = (
				9F3438EE2BA890100075FA26 /* Debug */,
				9F3438EF2BA890100075FA26 /* Release */,
			);
			defaultConfigurationIsVisible = 0;
			defaultConfigurationName = Release;
		};
/* End XCConfigurationList section */

/* Begin XCRemoteSwiftPackageReference section */
		9F3439002BA8ABF30075FA26 /* XCRemoteSwiftPackageReference "Kingfisher" */ = {
			isa = XCRemoteSwiftPackageReference;
			repositoryURL = "git@github.com:onevcat/Kingfisher.git";
			requirement = {
				kind = upToNextMajorVersion;
				minimumVersion = 7.11.0;
			};
		};
/* End XCRemoteSwiftPackageReference section */

/* Begin XCSwiftPackageProductDependency section */
		9F3439012BA8ABF30075FA26 /* Kingfisher */ = {
			isa = XCSwiftPackageProductDependency;
			package = 9F3439002BA8ABF30075FA26 /* XCRemoteSwiftPackageReference "Kingfisher" */;
			productName = Kingfisher;
		};
/* End XCSwiftPackageProductDependency section */
	};
	rootObject = 9F3438D12BA8900D0075FA26 /* Project object */;
}
